
Microsoft Visual Studio Solution File, Format Version 12.00
# Visual Studio Version 16
VisualStudioVersion = 16.0.30621.155
MinimumVisualStudioVersion = 10.0.40219.1
Project("{2150E333-8FDC-42A3-9474-1A3956D46DE8}") = "Window", "Window", "{557E89F5-5D11-4F86-857C-1DDDFA3BBB78}"
EndProject
Project("{2150E333-8FDC-42A3-9474-1A3956D46DE8}") = "task02", "task02", "{FF51EF1C-5287-4F28-9534-1D71AF64B414}"
EndProject
Project("{FAE04EC0-301F-11D3-BF4B-00C04F79EFBC}") = "MainWindow", "MainWindow\MainWindow.csproj", "{30B68051-CF29-4DB6-A66F-8CDDB6BFF473}"
EndProject
Project("{FAE04EC0-301F-11D3-BF4B-00C04F79EFBC}") = "Implementation02", "Task02\Implementation02\Implementation02.csproj", "{0C7F2ED4-8262-45E3-9BA9-BDD3624DF39C}"
EndProject
Project("{FAE04EC0-301F-11D3-BF4B-00C04F79EFBC}") = "Interface02", "Task02\Interface02\Interface02.csproj", "{2A0E701D-D90B-4FC5-BF59-6A5474AD4396}"
EndProject
Project("{2150E333-8FDC-42A3-9474-1A3956D46DE8}") = "task03", "task03", "{1C84FCD0-C24B-414A-BEDB-77BBEFFBED4F}"
EndProject
Project("{FAE04EC0-301F-11D3-BF4B-00C04F79EFBC}") = "Implementation03", "Task03\Implementation03\Implementation03.csproj", "{70DA8BDD-A7E6-4521-BE32-144879AAEEFC}"
EndProject
Project("{FAE04EC0-301F-11D3-BF4B-00C04F79EFBC}") = "Interface03", "Task03\Interface03\Interface03.csproj", "{1D3C11C8-3375-4598-9223-F4A174501573}"
EndProject
Project("{2150E333-8FDC-42A3-9474-1A3956D46DE8}") = "task04", "task04", "{285296E6-86F9-4D48-95DE-F80FF430916F}"
EndProject
Project("{FAE04EC0-301F-11D3-BF4B-00C04F79EFBC}") = "Implementation04", "Task04\Implementation04\Implementation04.csproj", "{C3010D4D-E9B3-4C65-8AA1-0FD2C4474EE7}"
EndProject
Project("{FAE04EC0-301F-11D3-BF4B-00C04F79EFBC}") = "Interface04", "Task04\Interface04\Interface04.csproj", "{572738EC-DDFB-4FF7-83C4-CAC97C7737C3}"
EndProject
Project("{2150E333-8FDC-42A3-9474-1A3956D46DE8}") = "task01", "task01", "{794042C3-F32D-4AA6-82B4-7E9688EB255E}"
EndProject
Project("{FAE04EC0-301F-11D3-BF4B-00C04F79EFBC}") = "Implementation01", "Task01\Implementation01\Implementation01.csproj", "{34E9480C-6B5C-401A-B5CD-E51BF524C0B6}"
EndProject
Project("{FAE04EC0-301F-11D3-BF4B-00C04F79EFBC}") = "Interface01", "Task01\Interface01\Interface01.csproj", "{9D9C15DF-A81B-41C6-8F21-C10B9476D101}"
EndProject
Project("{2150E333-8FDC-42A3-9474-1A3956D46DE8}") = "task06", "task06", "{690BC250-B9BD-4BB8-9F99-FEECC5BEF6AD}"
EndProject
Project("{FAE04EC0-301F-11D3-BF4B-00C04F79EFBC}") = "Implementation06", "Task06\Implementation06\Implementation06.csproj", "{77BD3EF0-6758-4170-B96C-4398247705DB}"
EndProject
Project("{FAE04EC0-301F-11D3-BF4B-00C04F79EFBC}") = "Interface06", "Task06\Interface06\Interface06.csproj", "{32E94334-B6D7-45E9-ADF9-B3D94A9B410D}"
EndProject
Project("{2150E333-8FDC-42A3-9474-1A3956D46DE8}") = "task07", "task07", "{94A3B0AB-7E33-4B4B-8FB2-31AB1540E948}"
EndProject
Project("{FAE04EC0-301F-11D3-BF4B-00C04F79EFBC}") = "Employees", "Task07\Employees\Employees.csproj", "{AF81A2A5-4B21-4984-B3BB-393B533FBCBB}"
EndProject
Project("{FAE04EC0-301F-11D3-BF4B-00C04F79EFBC}") = "Implementation07", "Task07\Implementation07\Implementation07.csproj", "{70ED1D1A-0873-40F9-9912-2812FEFE3D3E}"
EndProject
Project("{FAE04EC0-301F-11D3-BF4B-00C04F79EFBC}") = "Interface07", "Task07\Interface07\Interface07.csproj", "{54C3C86B-55A3-4A5C-BC45-717B25771983}"
EndProject
Global
	GlobalSection(SolutionConfigurationPlatforms) = preSolution
		Debug|Any CPU = Debug|Any CPU
		Release|Any CPU = Release|Any CPU
	EndGlobalSection
	GlobalSection(ProjectConfigurationPlatforms) = postSolution
		{30B68051-CF29-4DB6-A66F-8CDDB6BFF473}.Debug|Any CPU.ActiveCfg = Debug|Any CPU
		{30B68051-CF29-4DB6-A66F-8CDDB6BFF473}.Debug|Any CPU.Build.0 = Debug|Any CPU
		{30B68051-CF29-4DB6-A66F-8CDDB6BFF473}.Release|Any CPU.ActiveCfg = Release|Any CPU
		{30B68051-CF29-4DB6-A66F-8CDDB6BFF473}.Release|Any CPU.Build.0 = Release|Any CPU
		{0C7F2ED4-8262-45E3-9BA9-BDD3624DF39C}.Debug|Any CPU.ActiveCfg = Debug|Any CPU
		{0C7F2ED4-8262-45E3-9BA9-BDD3624DF39C}.Debug|Any CPU.Build.0 = Debug|Any CPU
		{0C7F2ED4-8262-45E3-9BA9-BDD3624DF39C}.Release|Any CPU.ActiveCfg = Release|Any CPU
		{0C7F2ED4-8262-45E3-9BA9-BDD3624DF39C}.Release|Any CPU.Build.0 = Release|Any CPU
		{2A0E701D-D90B-4FC5-BF59-6A5474AD4396}.Debug|Any CPU.ActiveCfg = Debug|Any CPU
		{2A0E701D-D90B-4FC5-BF59-6A5474AD4396}.Debug|Any CPU.Build.0 = Debug|Any CPU
		{2A0E701D-D90B-4FC5-BF59-6A5474AD4396}.Release|Any CPU.ActiveCfg = Release|Any CPU
		{2A0E701D-D90B-4FC5-BF59-6A5474AD4396}.Release|Any CPU.Build.0 = Release|Any CPU
		{70DA8BDD-A7E6-4521-BE32-144879AAEEFC}.Debug|Any CPU.ActiveCfg = Debug|Any CPU
		{70DA8BDD-A7E6-4521-BE32-144879AAEEFC}.Debug|Any CPU.Build.0 = Debug|Any CPU
		{70DA8BDD-A7E6-4521-BE32-144879AAEEFC}.Release|Any CPU.ActiveCfg = Release|Any CPU
		{70DA8BDD-A7E6-4521-BE32-144879AAEEFC}.Release|Any CPU.Build.0 = Release|Any CPU
		{1D3C11C8-3375-4598-9223-F4A174501573}.Debug|Any CPU.ActiveCfg = Debug|Any CPU
		{1D3C11C8-3375-4598-9223-F4A174501573}.Debug|Any CPU.Build.0 = Debug|Any CPU
		{1D3C11C8-3375-4598-9223-F4A174501573}.Release|Any CPU.ActiveCfg = Release|Any CPU
		{1D3C11C8-3375-4598-9223-F4A174501573}.Release|Any CPU.Build.0 = Release|Any CPU
		{C3010D4D-E9B3-4C65-8AA1-0FD2C4474EE7}.Debug|Any CPU.ActiveCfg = Debug|Any CPU
		{C3010D4D-E9B3-4C65-8AA1-0FD2C4474EE7}.Debug|Any CPU.Build.0 = Debug|Any CPU
		{C3010D4D-E9B3-4C65-8AA1-0FD2C4474EE7}.Release|Any CPU.ActiveCfg = Release|Any CPU
		{C3010D4D-E9B3-4C65-8AA1-0FD2C4474EE7}.Release|Any CPU.Build.0 = Release|Any CPU
		{572738EC-DDFB-4FF7-83C4-CAC97C7737C3}.Debug|Any CPU.ActiveCfg = Debug|Any CPU
		{572738EC-DDFB-4FF7-83C4-CAC97C7737C3}.Debug|Any CPU.Build.0 = Debug|Any CPU
		{572738EC-DDFB-4FF7-83C4-CAC97C7737C3}.Release|Any CPU.ActiveCfg = Release|Any CPU
		{572738EC-DDFB-4FF7-83C4-CAC97C7737C3}.Release|Any CPU.Build.0 = Release|Any CPU
		{34E9480C-6B5C-401A-B5CD-E51BF524C0B6}.Debug|Any CPU.ActiveCfg = Debug|Any CPU
		{34E9480C-6B5C-401A-B5CD-E51BF524C0B6}.Debug|Any CPU.Build.0 = Debug|Any CPU
		{34E9480C-6B5C-401A-B5CD-E51BF524C0B6}.Release|Any CPU.ActiveCfg = Release|Any CPU
		{34E9480C-6B5C-401A-B5CD-E51BF524C0B6}.Release|Any CPU.Build.0 = Release|Any CPU
		{9D9C15DF-A81B-41C6-8F21-C10B9476D101}.Debug|Any CPU.ActiveCfg = Debug|Any CPU
		{9D9C15DF-A81B-41C6-8F21-C10B9476D101}.Debug|Any CPU.Build.0 = Debug|Any CPU
		{9D9C15DF-A81B-41C6-8F21-C10B9476D101}.Release|Any CPU.ActiveCfg = Release|Any CPU
		{9D9C15DF-A81B-41C6-8F21-C10B9476D101}.Release|Any CPU.Build.0 = Release|Any CPU
		{77BD3EF0-6758-4170-B96C-4398247705DB}.Debug|Any CPU.ActiveCfg = Debug|Any CPU
		{77BD3EF0-6758-4170-B96C-4398247705DB}.Debug|Any CPU.Build.0 = Debug|Any CPU
		{77BD3EF0-6758-4170-B96C-4398247705DB}.Release|Any CPU.ActiveCfg = Release|Any CPU
		{77BD3EF0-6758-4170-B96C-4398247705DB}.Release|Any CPU.Build.0 = Release|Any CPU
		{32E94334-B6D7-45E9-ADF9-B3D94A9B410D}.Debug|Any CPU.ActiveCfg = Debug|Any CPU
		{32E94334-B6D7-45E9-ADF9-B3D94A9B410D}.Debug|Any CPU.Build.0 = Debug|Any CPU
		{32E94334-B6D7-45E9-ADF9-B3D94A9B410D}.Release|Any CPU.ActiveCfg = Release|Any CPU
		{32E94334-B6D7-45E9-ADF9-B3D94A9B410D}.Release|Any CPU.Build.0 = Release|Any CPU
		{AF81A2A5-4B21-4984-B3BB-393B533FBCBB}.Debug|Any CPU.ActiveCfg = Debug|Any CPU
		{AF81A2A5-4B21-4984-B3BB-393B533FBCBB}.Debug|Any CPU.Build.0 = Debug|Any CPU
		{AF81A2A5-4B21-4984-B3BB-393B533FBCBB}.Release|Any CPU.ActiveCfg = Release|Any CPU
		{AF81A2A5-4B21-4984-B3BB-393B533FBCBB}.Release|Any CPU.Build.0 = Release|Any CPU
		{70ED1D1A-0873-40F9-9912-2812FEFE3D3E}.Debug|Any CPU.ActiveCfg = Debug|Any CPU
		{70ED1D1A-0873-40F9-9912-2812FEFE3D3E}.Debug|Any CPU.Build.0 = Debug|Any CPU
		{70ED1D1A-0873-40F9-9912-2812FEFE3D3E}.Release|Any CPU.ActiveCfg = Release|Any CPU
		{70ED1D1A-0873-40F9-9912-2812FEFE3D3E}.Release|Any CPU.Build.0 = Release|Any CPU
		{54C3C86B-55A3-4A5C-BC45-717B25771983}.Debug|Any CPU.ActiveCfg = Debug|Any CPU
		{54C3C86B-55A3-4A5C-BC45-717B25771983}.Debug|Any CPU.Build.0 = Debug|Any CPU
		{54C3C86B-55A3-4A5C-BC45-717B25771983}.Release|Any CPU.ActiveCfg = Release|Any CPU
		{54C3C86B-55A3-4A5C-BC45-717B25771983}.Release|Any CPU.Build.0 = Release|Any CPU
	EndGlobalSection
	GlobalSection(SolutionProperties) = preSolution
		HideSolutionNode = FALSE
	EndGlobalSection
	GlobalSection(NestedProjects) = preSolution
		{30B68051-CF29-4DB6-A66F-8CDDB6BFF473} = {557E89F5-5D11-4F86-857C-1DDDFA3BBB78}
		{0C7F2ED4-8262-45E3-9BA9-BDD3624DF39C} = {FF51EF1C-5287-4F28-9534-1D71AF64B414}
		{2A0E701D-D90B-4FC5-BF59-6A5474AD4396} = {FF51EF1C-5287-4F28-9534-1D71AF64B414}
		{70DA8BDD-A7E6-4521-BE32-144879AAEEFC} = {1C84FCD0-C24B-414A-BEDB-77BBEFFBED4F}
		{1D3C11C8-3375-4598-9223-F4A174501573} = {1C84FCD0-C24B-414A-BEDB-77BBEFFBED4F}
		{C3010D4D-E9B3-4C65-8AA1-0FD2C4474EE7} = {285296E6-86F9-4D48-95DE-F80FF430916F}
		{572738EC-DDFB-4FF7-83C4-CAC97C7737C3} = {285296E6-86F9-4D48-95DE-F80FF430916F}
		{34E9480C-6B5C-401A-B5CD-E51BF524C0B6} = {794042C3-F32D-4AA6-82B4-7E9688EB255E}
		{9D9C15DF-A81B-41C6-8F21-C10B9476D101} = {794042C3-F32D-4AA6-82B4-7E9688EB255E}
		{77BD3EF0-6758-4170-B96C-4398247705DB} = {690BC250-B9BD-4BB8-9F99-FEECC5BEF6AD}
		{32E94334-B6D7-45E9-ADF9-B3D94A9B410D} = {690BC250-B9BD-4BB8-9F99-FEECC5BEF6AD}
		{AF81A2A5-4B21-4984-B3BB-393B533FBCBB} = {94A3B0AB-7E33-4B4B-8FB2-31AB1540E948}
		{70ED1D1A-0873-40F9-9912-2812FEFE3D3E} = {94A3B0AB-7E33-4B4B-8FB2-31AB1540E948}
		{54C3C86B-55A3-4A5C-BC45-717B25771983} = {94A3B0AB-7E33-4B4B-8FB2-31AB1540E948}
	EndGlobalSection
	GlobalSection(ExtensibilityGlobals) = postSolution
		SolutionGuid = {7F403DA4-1072-4050-AE72-C4306FCE44B5}
	EndGlobalSection
EndGlobal
